{
  "nodes": {
    "brew-src": {
      "flake": false,
      "locked": {
        "lastModified": 1756059815,
        "narHash": "sha256-UALOxoXoFIHbwKzcqbqCAqw5cC0MJEehLaWSet5vxfE=",
        "owner": "Homebrew",
        "repo": "brew",
        "rev": "02947ea4edbdef5fcce9ee57fa289547f4d096c9",
        "type": "github"
      },
      "original": {
        "owner": "Homebrew",
        "ref": "4.6.7",
        "repo": "brew",
        "type": "github"
      }
    },
    "homebrew-cask": {
      "flake": false,
      "locked": {
        "lastModified": 1756889573,
        "narHash": "sha256-3Qu1Y1ei1n9FZcLOVLlrgME6MZxj+iXqqhEIb4VPEzQ=",
        "owner": "homebrew",
        "repo": "homebrew-cask",
        "rev": "f03e31bea329c447ca5fd48b920fb9169b3e50e8",
        "type": "github"
      },
      "original": {
        "owner": "homebrew",
        "repo": "homebrew-cask",
        "type": "github"
      }
    },
    "homebrew-core": {
      "flake": false,
      "locked": {
        "lastModified": 1756890464,
        "narHash": "sha256-q7IEPMOJmOgu1jeHMCsD2nUI4TPrMKlLowZhufe3WIM=",
        "owner": "homebrew",
        "repo": "homebrew-core",
        "rev": "a9528742cb950e6270be24fbe1c010fa5b63119e",
        "type": "github"
      },
      "original": {
        "owner": "homebrew",
        "repo": "homebrew-core",
        "type": "github"
      }
    },
    "nix-darwin": {
      "inputs": {
        "nixpkgs": [
          "nixpkgs"
        ]
      },
      "locked": {
        "lastModified": 1749744770,
        "narHash": "sha256-MEM9XXHgBF/Cyv1RES1t6gqAX7/tvayBC1r/KPyK1ls=",
        "owner": "LnL7",
        "repo": "nix-darwin",
        "rev": "536f951efb1ccda9b968e3c9dee39fbeb6d3fdeb",
        "type": "github"
      },
      "original": {
        "owner": "LnL7",
        "ref": "nix-darwin-25.05",
        "repo": "nix-darwin",
        "type": "github"
      }
    },
    "nix-homebrew": {
      "inputs": {
        "brew-src": "brew-src"
      },
      "locked": {
        "lastModified": 1756398546,
        "narHash": "sha256-n4GVDLhKu65XFraJuCzap2AaZji4xhPaZMTJ8aQdD3s=",
        "owner": "zhaofengli",
        "repo": "nix-homebrew",
        "rev": "3aa475996cb3bc1ecefa88c99c466e6f0bc17431",
        "type": "github"
      },
      "original": {
        "owner": "zhaofengli",
        "repo": "nix-homebrew",
        "type": "github"
      }
    },
    "nixpkgs": {
      "locked": {
        "lastModified": 1756834844,
        "narHash": "sha256-Ct8dsaKd46FDQ4E8NttDO9HZJZRRHMeTlqjnHvirB1U=",
        "owner": "NixOS",
        "repo": "nixpkgs",
        "rev": "c370743bb648ff9ac566b5e04c97e386dec1ac82",
        "type": "github"
      },
      "original": {
        "owner": "NixOS",
        "ref": "nixpkgs-25.05-darwin",
        "repo": "nixpkgs",
        "type": "github"
      }
    },
    "root": {
      "inputs": {
        "homebrew-cask": "homebrew-cask",
        "homebrew-core": "homebrew-core",
        "nix-darwin": "nix-darwin",
        "nix-homebrew": "nix-homebrew",
        "nixpkgs": "nixpkgs"
      }
    }
  },
  "root": "root",
  "version": 7
}
