{
  "nodes": {
    "brew-src": {
      "flake": false,
      "locked": {
        "lastModified": 1751910772,
        "narHash": "sha256-jQNdIkq2iRDNWskd5f8kX6q9BO/CBSXhMH41WNRft8E=",
        "owner": "Homebrew",
        "repo": "brew",
        "rev": "700d67a85e0129ab8a893ff69246943479e33df1",
        "type": "github"
      },
      "original": {
        "owner": "Homebrew",
        "ref": "4.5.9",
        "repo": "brew",
        "type": "github"
      }
    },
    "homebrew-cask": {
      "flake": false,
      "locked": {
        "lastModified": 1754067630,
        "narHash": "sha256-I39yuCOvDbq4SauTMFTM5YHKnlK0IqdVQ12eicUXhpE=",
        "owner": "homebrew",
        "repo": "homebrew-cask",
        "rev": "865b3128872433b17cbf3f1e579336e683edfd10",
        "type": "github"
      },
      "original": {
        "owner": "homebrew",
        "repo": "homebrew-cask",
        "type": "github"
      }
    },
    "homebrew-core": {
      "flake": false,
      "locked": {
        "lastModified": 1754063504,
        "narHash": "sha256-e3ZOzUoUFLVZkYJ7BlccQ+TXXebIgWly7MVK7eHUq84=",
        "owner": "homebrew",
        "repo": "homebrew-core",
        "rev": "572987c90f74550ae5db31fb679e0ff2e11c0010",
        "type": "github"
      },
      "original": {
        "owner": "homebrew",
        "repo": "homebrew-core",
        "type": "github"
      }
    },
    "nix-darwin": {
      "inputs": {
        "nixpkgs": [
          "nixpkgs"
        ]
      },
      "locked": {
        "lastModified": 1749744770,
        "narHash": "sha256-MEM9XXHgBF/Cyv1RES1t6gqAX7/tvayBC1r/KPyK1ls=",
        "owner": "LnL7",
        "repo": "nix-darwin",
        "rev": "536f951efb1ccda9b968e3c9dee39fbeb6d3fdeb",
        "type": "github"
      },
      "original": {
        "owner": "LnL7",
        "ref": "nix-darwin-25.05",
        "repo": "nix-darwin",
        "type": "github"
      }
    },
    "nix-homebrew": {
      "inputs": {
        "brew-src": "brew-src"
      },
      "locked": {
        "lastModified": 1754001565,
        "narHash": "sha256-IhMN6xAIN9SSYlQGHA7ECEj+ejpH45C+FY5IrYqvfj0=",
        "owner": "zhaofengli",
        "repo": "nix-homebrew",
        "rev": "db11cc216d2ecd451e4952c60766d6cfaa0938b7",
        "type": "github"
      },
      "original": {
        "owner": "zhaofengli",
        "repo": "nix-homebrew",
        "type": "github"
      }
    },
    "nixpkgs": {
      "locked": {
        "lastModified": 1754002737,
        "narHash": "sha256-Txbng2yCw5ycSBaKmjPm7kbyc1Q2qQb8JOKNrgf2ExY=",
        "owner": "NixOS",
        "repo": "nixpkgs",
        "rev": "9421a7f5f199b5793c288242df93d8f4e826dd05",
        "type": "github"
      },
      "original": {
        "owner": "NixOS",
        "ref": "nixpkgs-25.05-darwin",
        "repo": "nixpkgs",
        "type": "github"
      }
    },
    "root": {
      "inputs": {
        "homebrew-cask": "homebrew-cask",
        "homebrew-core": "homebrew-core",
        "nix-darwin": "nix-darwin",
        "nix-homebrew": "nix-homebrew",
        "nixpkgs": "nixpkgs"
      }
    }
  },
  "root": "root",
  "version": 7
}
